
Microsoft Visual Studio Solution File, Format Version 12.00
# Visual Studio Version 17
VisualStudioVersion = 17.13.35919.96 d17.13
MinimumVisualStudioVersion = 10.0.40219.1
Project("{FAE04EC0-301F-11D3-BF4B-00C04F79EFBC}") = "DesktopClock", "DesktopClock.csproj", "{795F6414-FD7B-4C54-B260-FE9164B8645C}"
EndProject
Global
	GlobalSection(SolutionConfigurationPlatforms) = preSolution
		Debug|Any CPU = Debug|Any CPU
		Release|Any CPU = Release|Any CPU
	EndGlobalSection
	GlobalSection(ProjectConfigurationPlatforms) = postSolution
		{795F6414-FD7B-4C54-B260-FE9164B8645C}.Debug|Any CPU.ActiveCfg = Debug|Any CPU
		{795F6414-FD7B-4C54-B260-FE9164B8645C}.Debug|Any CPU.Build.0 = Debug|Any CPU
		{795F6414-FD7B-4C54-B260-FE9164B8645C}.Release|Any CPU.ActiveCfg = Release|Any CPU
		{795F6414-FD7B-4C54-B260-FE9164B8645C}.Release|Any CPU.Build.0 = Release|Any CPU
	EndGlobalSection
	GlobalSection(SolutionProperties) = preSolution
		HideSolutionNode = FALSE
	EndGlobalSection
	GlobalSection(ExtensibilityGlobals) = postSolution
		SolutionGuid = {529DE02E-D640-4E3B-ACF6-485AD5064635}
	EndGlobalSection
EndGlobal
